
Microsoft Visual Studio Solution File, Format Version 12.00
# Visual Studio 14
VisualStudioVersion = 14.0.25420.1
MinimumVisualStudioVersion = 10.0.40219.1
Project("{FAE04EC0-301F-11D3-BF4B-00C04F79EFBC}") = "HelloChatBotXamarin.Droid", "HelloChatBotXamarin\HelloChatBotXamarin.Droid\HelloChatBotXamarin.Droid.csproj", "{D0F8380A-2F11-4C72-8874-3767CE64F984}"
EndProject
Project("{FAE04EC0-301F-11D3-BF4B-00C04F79EFBC}") = "HelloChatBotXamarin.iOS", "HelloChatBotXamarin\HelloChatBotXamarin.iOS\HelloChatBotXamarin.iOS.csproj", "{0AF5C312-E8A6-45C8-8CD3-800DD37E5581}"
EndProject
Project("{FAE04EC0-301F-11D3-BF4B-00C04F79EFBC}") = "HelloChatBotXamarin.WinPhone", "HelloChatBotXamarin\HelloChatBotXamarin.WinPhone\HelloChatBotXamarin.WinPhone.csproj", "{BD61620B-5366-4482-A0E3-D904D7ED412D}"
EndProject
Project("{FAE04EC0-301F-11D3-BF4B-00C04F79EFBC}") = "HelloChatBotXamarin.UWP", "HelloChatBotXamarin\HelloChatBotXamarin.UWP\HelloChatBotXamarin.UWP.csproj", "{95B89E18-39EE-4057-A4E3-4CED8E4FCE1D}"
EndProject
Project("{FAE04EC0-301F-11D3-BF4B-00C04F79EFBC}") = "HelloChatBotXamarin.Windows", "HelloChatBotXamarin\HelloChatBotXamarin.Windows\HelloChatBotXamarin.Windows.csproj", "{2D9A8513-911C-4C0E-8942-87057E6B8021}"
EndProject
Project("{FAE04EC0-301F-11D3-BF4B-00C04F79EFBC}") = "HelloChatBotXamarin", "HelloChatBotXamarin\HelloChatBotXamarin\HelloChatBotXamarin.csproj", "{5381B2C5-BA88-4248-87E0-19E94CD3C7F3}"
EndProject
Global
	GlobalSection(SolutionConfigurationPlatforms) = preSolution
		Ad-Hoc|Any CPU = Ad-Hoc|Any CPU
		Ad-Hoc|ARM = Ad-Hoc|ARM
		Ad-Hoc|iPhone = Ad-Hoc|iPhone
		Ad-Hoc|iPhoneSimulator = Ad-Hoc|iPhoneSimulator
		Ad-Hoc|x64 = Ad-Hoc|x64
		Ad-Hoc|x86 = Ad-Hoc|x86
		AppStore|Any CPU = AppStore|Any CPU
		AppStore|ARM = AppStore|ARM
		AppStore|iPhone = AppStore|iPhone
		AppStore|iPhoneSimulator = AppStore|iPhoneSimulator
		AppStore|x64 = AppStore|x64
		AppStore|x86 = AppStore|x86
		Debug|Any CPU = Debug|Any CPU
		Debug|ARM = Debug|ARM
		Debug|iPhone = Debug|iPhone
		Debug|iPhoneSimulator = Debug|iPhoneSimulator
		Debug|x64 = Debug|x64
		Debug|x86 = Debug|x86
		Release|Any CPU = Release|Any CPU
		Release|ARM = Release|ARM
		Release|iPhone = Release|iPhone
		Release|iPhoneSimulator = Release|iPhoneSimulator
		Release|x64 = Release|x64
		Release|x86 = Release|x86
	EndGlobalSection
	GlobalSection(ProjectConfigurationPlatforms) = postSolution
		{D0F8380A-2F11-4C72-8874-3767CE64F984}.Ad-Hoc|Any CPU.ActiveCfg = Release|Any CPU
		{D0F8380A-2F11-4C72-8874-3767CE64F984}.Ad-Hoc|Any CPU.Build.0 = Release|Any CPU
		{D0F8380A-2F11-4C72-8874-3767CE64F984}.Ad-Hoc|Any CPU.Deploy.0 = Release|Any CPU
		{D0F8380A-2F11-4C72-8874-3767CE64F984}.Ad-Hoc|ARM.ActiveCfg = Release|Any CPU
		{D0F8380A-2F11-4C72-8874-3767CE64F984}.Ad-Hoc|ARM.Build.0 = Release|Any CPU
		{D0F8380A-2F11-4C72-8874-3767CE64F984}.Ad-Hoc|ARM.Deploy.0 = Release|Any CPU
		{D0F8380A-2F11-4C72-8874-3767CE64F984}.Ad-Hoc|iPhone.ActiveCfg = Release|Any CPU
		{D0F8380A-2F11-4C72-8874-3767CE64F984}.Ad-Hoc|iPhone.Build.0 = Release|Any CPU
		{D0F8380A-2F11-4C72-8874-3767CE64F984}.Ad-Hoc|iPhone.Deploy.0 = Release|Any CPU
		{D0F8380A-2F11-4C72-8874-3767CE64F984}.Ad-Hoc|iPhoneSimulator.ActiveCfg = Release|Any CPU
		{D0F8380A-2F11-4C72-8874-3767CE64F984}.Ad-Hoc|iPhoneSimulator.Build.0 = Release|Any CPU
		{D0F8380A-2F11-4C72-8874-3767CE64F984}.Ad-Hoc|iPhoneSimulator.Deploy.0 = Release|Any CPU
		{D0F8380A-2F11-4C72-8874-3767CE64F984}.Ad-Hoc|x64.ActiveCfg = Release|Any CPU
		{D0F8380A-2F11-4C72-8874-3767CE64F984}.Ad-Hoc|x64.Build.0 = Release|Any CPU
		{D0F8380A-2F11-4C72-8874-3767CE64F984}.Ad-Hoc|x64.Deploy.0 = Release|Any CPU
		{D0F8380A-2F11-4C72-8874-3767CE64F984}.Ad-Hoc|x86.ActiveCfg = Release|Any CPU
		{D0F8380A-2F11-4C72-8874-3767CE64F984}.Ad-Hoc|x86.Build.0 = Release|Any CPU
		{D0F8380A-2F11-4C72-8874-3767CE64F984}.Ad-Hoc|x86.Deploy.0 = Release|Any CPU
		{D0F8380A-2F11-4C72-8874-3767CE64F984}.AppStore|Any CPU.ActiveCfg = Release|Any CPU
		{D0F8380A-2F11-4C72-8874-3767CE64F984}.AppStore|Any CPU.Build.0 = Release|Any CPU
		{D0F8380A-2F11-4C72-8874-3767CE64F984}.AppStore|Any CPU.Deploy.0 = Release|Any CPU
		{D0F8380A-2F11-4C72-8874-3767CE64F984}.AppStore|ARM.ActiveCfg = Release|Any CPU
		{D0F8380A-2F11-4C72-8874-3767CE64F984}.AppStore|ARM.Build.0 = Release|Any CPU
		{D0F8380A-2F11-4C72-8874-3767CE64F984}.AppStore|ARM.Deploy.0 = Release|Any CPU
		{D0F8380A-2F11-4C72-8874-3767CE64F984}.AppStore|iPhone.ActiveCfg = Release|Any CPU
		{D0F8380A-2F11-4C72-8874-3767CE64F984}.AppStore|iPhone.Build.0 = Release|Any CPU
		{D0F8380A-2F11-4C72-8874-3767CE64F984}.AppStore|iPhone.Deploy.0 = Release|Any CPU
		{D0F8380A-2F11-4C72-8874-3767CE64F984}.AppStore|iPhoneSimulator.ActiveCfg = Release|Any CPU
		{D0F8380A-2F11-4C72-8874-3767CE64F984}.AppStore|iPhoneSimulator.Build.0 = Release|Any CPU
		{D0F8380A-2F11-4C72-8874-3767CE64F984}.AppStore|iPhoneSimulator.Deploy.0 = Release|Any CPU
		{D0F8380A-2F11-4C72-8874-3767CE64F984}.AppStore|x64.ActiveCfg = Release|Any CPU
		{D0F8380A-2F11-4C72-8874-3767CE64F984}.AppStore|x64.Build.0 = Release|Any CPU
		{D0F8380A-2F11-4C72-8874-3767CE64F984}.AppStore|x64.Deploy.0 = Release|Any CPU
		{D0F8380A-2F11-4C72-8874-3767CE64F984}.AppStore|x86.ActiveCfg = Release|Any CPU
		{D0F8380A-2F11-4C72-8874-3767CE64F984}.AppStore|x86.Build.0 = Release|Any CPU
		{D0F8380A-2F11-4C72-8874-3767CE64F984}.AppStore|x86.Deploy.0 = Release|Any CPU
		{D0F8380A-2F11-4C72-8874-3767CE64F984}.Debug|Any CPU.ActiveCfg = Debug|Any CPU
		{D0F8380A-2F11-4C72-8874-3767CE64F984}.Debug|Any CPU.Build.0 = Debug|Any CPU
		{D0F8380A-2F11-4C72-8874-3767CE64F984}.Debug|Any CPU.Deploy.0 = Debug|Any CPU
		{D0F8380A-2F11-4C72-8874-3767CE64F984}.Debug|ARM.ActiveCfg = Debug|Any CPU
		{D0F8380A-2F11-4C72-8874-3767CE64F984}.Debug|ARM.Build.0 = Debug|Any CPU
		{D0F8380A-2F11-4C72-8874-3767CE64F984}.Debug|ARM.Deploy.0 = Debug|Any CPU
		{D0F8380A-2F11-4C72-8874-3767CE64F984}.Debug|iPhone.ActiveCfg = Debug|Any CPU
		{D0F8380A-2F11-4C72-8874-3767CE64F984}.Debug|iPhone.Build.0 = Debug|Any CPU
		{D0F8380A-2F11-4C72-8874-3767CE64F984}.Debug|iPhone.Deploy.0 = Debug|Any CPU
		{D0F8380A-2F11-4C72-8874-3767CE64F984}.Debug|iPhoneSimulator.ActiveCfg = Debug|Any CPU
		{D0F8380A-2F11-4C72-8874-3767CE64F984}.Debug|iPhoneSimulator.Build.0 = Debug|Any CPU
		{D0F8380A-2F11-4C72-8874-3767CE64F984}.Debug|iPhoneSimulator.Deploy.0 = Debug|Any CPU
		{D0F8380A-2F11-4C72-8874-3767CE64F984}.Debug|x64.ActiveCfg = Debug|Any CPU
		{D0F8380A-2F11-4C72-8874-3767CE64F984}.Debug|x64.Build.0 = Debug|Any CPU
		{D0F8380A-2F11-4C72-8874-3767CE64F984}.Debug|x64.Deploy.0 = Debug|Any CPU
		{D0F8380A-2F11-4C72-8874-3767CE64F984}.Debug|x86.ActiveCfg = Debug|Any CPU
		{D0F8380A-2F11-4C72-8874-3767CE64F984}.Debug|x86.Build.0 = Debug|Any CPU
		{D0F8380A-2F11-4C72-8874-3767CE64F984}.Debug|x86.Deploy.0 = Debug|Any CPU
		{D0F8380A-2F11-4C72-8874-3767CE64F984}.Release|Any CPU.ActiveCfg = Release|Any CPU
		{D0F8380A-2F11-4C72-8874-3767CE64F984}.Release|Any CPU.Build.0 = Release|Any CPU
		{D0F8380A-2F11-4C72-8874-3767CE64F984}.Release|Any CPU.Deploy.0 = Release|Any CPU
		{D0F8380A-2F11-4C72-8874-3767CE64F984}.Release|ARM.ActiveCfg = Release|Any CPU
		{D0F8380A-2F11-4C72-8874-3767CE64F984}.Release|ARM.Build.0 = Release|Any CPU
		{D0F8380A-2F11-4C72-8874-3767CE64F984}.Release|ARM.Deploy.0 = Release|Any CPU
		{D0F8380A-2F11-4C72-8874-3767CE64F984}.Release|iPhone.ActiveCfg = Release|Any CPU
		{D0F8380A-2F11-4C72-8874-3767CE64F984}.Release|iPhone.Build.0 = Release|Any CPU
		{D0F8380A-2F11-4C72-8874-3767CE64F984}.Release|iPhone.Deploy.0 = Release|Any CPU
		{D0F8380A-2F11-4C72-8874-3767CE64F984}.Release|iPhoneSimulator.ActiveCfg = Release|Any CPU
		{D0F8380A-2F11-4C72-8874-3767CE64F984}.Release|iPhoneSimulator.Build.0 = Release|Any CPU
		{D0F8380A-2F11-4C72-8874-3767CE64F984}.Release|iPhoneSimulator.Deploy.0 = Release|Any CPU
		{D0F8380A-2F11-4C72-8874-3767CE64F984}.Release|x64.ActiveCfg = Release|Any CPU
		{D0F8380A-2F11-4C72-8874-3767CE64F984}.Release|x64.Build.0 = Release|Any CPU
		{D0F8380A-2F11-4C72-8874-3767CE64F984}.Release|x64.Deploy.0 = Release|Any CPU
		{D0F8380A-2F11-4C72-8874-3767CE64F984}.Release|x86.ActiveCfg = Release|Any CPU
		{D0F8380A-2F11-4C72-8874-3767CE64F984}.Release|x86.Build.0 = Release|Any CPU
		{D0F8380A-2F11-4C72-8874-3767CE64F984}.Release|x86.Deploy.0 = Release|Any CPU
		{0AF5C312-E8A6-45C8-8CD3-800DD37E5581}.Ad-Hoc|Any CPU.ActiveCfg = Ad-Hoc|iPhone
		{0AF5C312-E8A6-45C8-8CD3-800DD37E5581}.Ad-Hoc|ARM.ActiveCfg = Ad-Hoc|iPhone
		{0AF5C312-E8A6-45C8-8CD3-800DD37E5581}.Ad-Hoc|iPhone.ActiveCfg = Ad-Hoc|iPhone
		{0AF5C312-E8A6-45C8-8CD3-800DD37E5581}.Ad-Hoc|iPhone.Build.0 = Ad-Hoc|iPhone
		{0AF5C312-E8A6-45C8-8CD3-800DD37E5581}.Ad-Hoc|iPhoneSimulator.ActiveCfg = Ad-Hoc|iPhoneSimulator
		{0AF5C312-E8A6-45C8-8CD3-800DD37E5581}.Ad-Hoc|iPhoneSimulator.Build.0 = Ad-Hoc|iPhoneSimulator
		{0AF5C312-E8A6-45C8-8CD3-800DD37E5581}.Ad-Hoc|x64.ActiveCfg = Ad-Hoc|iPhone
		{0AF5C312-E8A6-45C8-8CD3-800DD37E5581}.Ad-Hoc|x86.ActiveCfg = Ad-Hoc|iPhone
		{0AF5C312-E8A6-45C8-8CD3-800DD37E5581}.AppStore|Any CPU.ActiveCfg = AppStore|iPhone
		{0AF5C312-E8A6-45C8-8CD3-800DD37E5581}.AppStore|ARM.ActiveCfg = AppStore|iPhone
		{0AF5C312-E8A6-45C8-8CD3-800DD37E5581}.AppStore|iPhone.ActiveCfg = AppStore|iPhone
		{0AF5C312-E8A6-45C8-8CD3-800DD37E5581}.AppStore|iPhone.Build.0 = AppStore|iPhone
		{0AF5C312-E8A6-45C8-8CD3-800DD37E5581}.AppStore|iPhoneSimulator.ActiveCfg = AppStore|iPhoneSimulator
		{0AF5C312-E8A6-45C8-8CD3-800DD37E5581}.AppStore|iPhoneSimulator.Build.0 = AppStore|iPhoneSimulator
		{0AF5C312-E8A6-45C8-8CD3-800DD37E5581}.AppStore|x64.ActiveCfg = AppStore|iPhone
		{0AF5C312-E8A6-45C8-8CD3-800DD37E5581}.AppStore|x86.ActiveCfg = AppStore|iPhone
		{0AF5C312-E8A6-45C8-8CD3-800DD37E5581}.Debug|Any CPU.ActiveCfg = Debug|iPhone
		{0AF5C312-E8A6-45C8-8CD3-800DD37E5581}.Debug|ARM.ActiveCfg = Debug|iPhone
		{0AF5C312-E8A6-45C8-8CD3-800DD37E5581}.Debug|iPhone.ActiveCfg = Debug|iPhone
		{0AF5C312-E8A6-45C8-8CD3-800DD37E5581}.Debug|iPhone.Build.0 = Debug|iPhone
		{0AF5C312-E8A6-45C8-8CD3-800DD37E5581}.Debug|iPhoneSimulator.ActiveCfg = Debug|iPhoneSimulator
		{0AF5C312-E8A6-45C8-8CD3-800DD37E5581}.Debug|iPhoneSimulator.Build.0 = Debug|iPhoneSimulator
		{0AF5C312-E8A6-45C8-8CD3-800DD37E5581}.Debug|x64.ActiveCfg = Debug|iPhone
		{0AF5C312-E8A6-45C8-8CD3-800DD37E5581}.Debug|x86.ActiveCfg = Debug|iPhone
		{0AF5C312-E8A6-45C8-8CD3-800DD37E5581}.Release|Any CPU.ActiveCfg = Release|iPhone
		{0AF5C312-E8A6-45C8-8CD3-800DD37E5581}.Release|ARM.ActiveCfg = Release|iPhone
		{0AF5C312-E8A6-45C8-8CD3-800DD37E5581}.Release|iPhone.ActiveCfg = Release|iPhone
		{0AF5C312-E8A6-45C8-8CD3-800DD37E5581}.Release|iPhone.Build.0 = Release|iPhone
		{0AF5C312-E8A6-45C8-8CD3-800DD37E5581}.Release|iPhoneSimulator.ActiveCfg = Release|iPhoneSimulator
		{0AF5C312-E8A6-45C8-8CD3-800DD37E5581}.Release|iPhoneSimulator.Build.0 = Release|iPhoneSimulator
		{0AF5C312-E8A6-45C8-8CD3-800DD37E5581}.Release|x64.ActiveCfg = Release|iPhone
		{0AF5C312-E8A6-45C8-8CD3-800DD37E5581}.Release|x86.ActiveCfg = Release|iPhone
		{BD61620B-5366-4482-A0E3-D904D7ED412D}.Ad-Hoc|Any CPU.ActiveCfg = Release|Any CPU
		{BD61620B-5366-4482-A0E3-D904D7ED412D}.Ad-Hoc|Any CPU.Build.0 = Release|Any CPU
		{BD61620B-5366-4482-A0E3-D904D7ED412D}.Ad-Hoc|Any CPU.Deploy.0 = Release|Any CPU
		{BD61620B-5366-4482-A0E3-D904D7ED412D}.Ad-Hoc|ARM.ActiveCfg = Release|ARM
		{BD61620B-5366-4482-A0E3-D904D7ED412D}.Ad-Hoc|ARM.Build.0 = Release|ARM
		{BD61620B-5366-4482-A0E3-D904D7ED412D}.Ad-Hoc|ARM.Deploy.0 = Release|ARM
		{BD61620B-5366-4482-A0E3-D904D7ED412D}.Ad-Hoc|iPhone.ActiveCfg = Release|Any CPU
		{BD61620B-5366-4482-A0E3-D904D7ED412D}.Ad-Hoc|iPhone.Build.0 = Release|Any CPU
		{BD61620B-5366-4482-A0E3-D904D7ED412D}.Ad-Hoc|iPhone.Deploy.0 = Release|Any CPU
		{BD61620B-5366-4482-A0E3-D904D7ED412D}.Ad-Hoc|iPhoneSimulator.ActiveCfg = Release|Any CPU
		{BD61620B-5366-4482-A0E3-D904D7ED412D}.Ad-Hoc|iPhoneSimulator.Build.0 = Release|Any CPU
		{BD61620B-5366-4482-A0E3-D904D7ED412D}.Ad-Hoc|iPhoneSimulator.Deploy.0 = Release|Any CPU
		{BD61620B-5366-4482-A0E3-D904D7ED412D}.Ad-Hoc|x64.ActiveCfg = Release|Any CPU
		{BD61620B-5366-4482-A0E3-D904D7ED412D}.Ad-Hoc|x64.Build.0 = Release|Any CPU
		{BD61620B-5366-4482-A0E3-D904D7ED412D}.Ad-Hoc|x64.Deploy.0 = Release|Any CPU
		{BD61620B-5366-4482-A0E3-D904D7ED412D}.Ad-Hoc|x86.ActiveCfg = Release|x86
		{BD61620B-5366-4482-A0E3-D904D7ED412D}.Ad-Hoc|x86.Build.0 = Release|x86
		{BD61620B-5366-4482-A0E3-D904D7ED412D}.Ad-Hoc|x86.Deploy.0 = Release|x86
		{BD61620B-5366-4482-A0E3-D904D7ED412D}.AppStore|Any CPU.ActiveCfg = Release|Any CPU
		{BD61620B-5366-4482-A0E3-D904D7ED412D}.AppStore|Any CPU.Build.0 = Release|Any CPU
		{BD61620B-5366-4482-A0E3-D904D7ED412D}.AppStore|Any CPU.Deploy.0 = Release|Any CPU
		{BD61620B-5366-4482-A0E3-D904D7ED412D}.AppStore|ARM.ActiveCfg = Release|ARM
		{BD61620B-5366-4482-A0E3-D904D7ED412D}.AppStore|ARM.Build.0 = Release|ARM
		{BD61620B-5366-4482-A0E3-D904D7ED412D}.AppStore|ARM.Deploy.0 = Release|ARM
		{BD61620B-5366-4482-A0E3-D904D7ED412D}.AppStore|iPhone.ActiveCfg = Release|Any CPU
		{BD61620B-5366-4482-A0E3-D904D7ED412D}.AppStore|iPhone.Build.0 = Release|Any CPU
		{BD61620B-5366-4482-A0E3-D904D7ED412D}.AppStore|iPhone.Deploy.0 = Release|Any CPU
		{BD61620B-5366-4482-A0E3-D904D7ED412D}.AppStore|iPhoneSimulator.ActiveCfg = Release|Any CPU
		{BD61620B-5366-4482-A0E3-D904D7ED412D}.AppStore|iPhoneSimulator.Build.0 = Release|Any CPU
		{BD61620B-5366-4482-A0E3-D904D7ED412D}.AppStore|iPhoneSimulator.Deploy.0 = Release|Any CPU
		{BD61620B-5366-4482-A0E3-D904D7ED412D}.AppStore|x64.ActiveCfg = Release|Any CPU
		{BD61620B-5366-4482-A0E3-D904D7ED412D}.AppStore|x64.Build.0 = Release|Any CPU
		{BD61620B-5366-4482-A0E3-D904D7ED412D}.AppStore|x64.Deploy.0 = Release|Any CPU
		{BD61620B-5366-4482-A0E3-D904D7ED412D}.AppStore|x86.ActiveCfg = Release|x86
		{BD61620B-5366-4482-A0E3-D904D7ED412D}.AppStore|x86.Build.0 = Release|x86
		{BD61620B-5366-4482-A0E3-D904D7ED412D}.AppStore|x86.Deploy.0 = Release|x86
		{BD61620B-5366-4482-A0E3-D904D7ED412D}.Debug|Any CPU.ActiveCfg = Debug|Any CPU
		{BD61620B-5366-4482-A0E3-D904D7ED412D}.Debug|Any CPU.Build.0 = Debug|Any CPU
		{BD61620B-5366-4482-A0E3-D904D7ED412D}.Debug|Any CPU.Deploy.0 = Debug|Any CPU
		{BD61620B-5366-4482-A0E3-D904D7ED412D}.Debug|ARM.ActiveCfg = Debug|ARM
		{BD61620B-5366-4482-A0E3-D904D7ED412D}.Debug|ARM.Build.0 = Debug|ARM
		{BD61620B-5366-4482-A0E3-D904D7ED412D}.Debug|ARM.Deploy.0 = Debug|ARM
		{BD61620B-5366-4482-A0E3-D904D7ED412D}.Debug|iPhone.ActiveCfg = Debug|Any CPU
		{BD61620B-5366-4482-A0E3-D904D7ED412D}.Debug|iPhone.Build.0 = Debug|Any CPU
		{BD61620B-5366-4482-A0E3-D904D7ED412D}.Debug|iPhone.Deploy.0 = Debug|Any CPU
		{BD61620B-5366-4482-A0E3-D904D7ED412D}.Debug|iPhoneSimulator.ActiveCfg = Debug|Any CPU
		{BD61620B-5366-4482-A0E3-D904D7ED412D}.Debug|iPhoneSimulator.Build.0 = Debug|Any CPU
		{BD61620B-5366-4482-A0E3-D904D7ED412D}.Debug|iPhoneSimulator.Deploy.0 = Debug|Any CPU
		{BD61620B-5366-4482-A0E3-D904D7ED412D}.Debug|x64.ActiveCfg = Debug|Any CPU
		{BD61620B-5366-4482-A0E3-D904D7ED412D}.Debug|x64.Build.0 = Debug|Any CPU
		{BD61620B-5366-4482-A0E3-D904D7ED412D}.Debug|x64.Deploy.0 = Debug|Any CPU
		{BD61620B-5366-4482-A0E3-D904D7ED412D}.Debug|x86.ActiveCfg = Debug|x86
		{BD61620B-5366-4482-A0E3-D904D7ED412D}.Debug|x86.Build.0 = Debug|x86
		{BD61620B-5366-4482-A0E3-D904D7ED412D}.Debug|x86.Deploy.0 = Debug|x86
		{BD61620B-5366-4482-A0E3-D904D7ED412D}.Release|Any CPU.ActiveCfg = Release|Any CPU
		{BD61620B-5366-4482-A0E3-D904D7ED412D}.Release|Any CPU.Build.0 = Release|Any CPU
		{BD61620B-5366-4482-A0E3-D904D7ED412D}.Release|Any CPU.Deploy.0 = Release|Any CPU
		{BD61620B-5366-4482-A0E3-D904D7ED412D}.Release|ARM.ActiveCfg = Release|ARM
		{BD61620B-5366-4482-A0E3-D904D7ED412D}.Release|ARM.Build.0 = Release|ARM
		{BD61620B-5366-4482-A0E3-D904D7ED412D}.Release|ARM.Deploy.0 = Release|ARM
		{BD61620B-5366-4482-A0E3-D904D7ED412D}.Release|iPhone.ActiveCfg = Release|Any CPU
		{BD61620B-5366-4482-A0E3-D904D7ED412D}.Release|iPhone.Build.0 = Release|Any CPU
		{BD61620B-5366-4482-A0E3-D904D7ED412D}.Release|iPhone.Deploy.0 = Release|Any CPU
		{BD61620B-5366-4482-A0E3-D904D7ED412D}.Release|iPhoneSimulator.ActiveCfg = Release|Any CPU
		{BD61620B-5366-4482-A0E3-D904D7ED412D}.Release|iPhoneSimulator.Build.0 = Release|Any CPU
		{BD61620B-5366-4482-A0E3-D904D7ED412D}.Release|iPhoneSimulator.Deploy.0 = Release|Any CPU
		{BD61620B-5366-4482-A0E3-D904D7ED412D}.Release|x64.ActiveCfg = Release|Any CPU
		{BD61620B-5366-4482-A0E3-D904D7ED412D}.Release|x64.Build.0 = Release|Any CPU
		{BD61620B-5366-4482-A0E3-D904D7ED412D}.Release|x64.Deploy.0 = Release|Any CPU
		{BD61620B-5366-4482-A0E3-D904D7ED412D}.Release|x86.ActiveCfg = Release|x86
		{BD61620B-5366-4482-A0E3-D904D7ED412D}.Release|x86.Build.0 = Release|x86
		{BD61620B-5366-4482-A0E3-D904D7ED412D}.Release|x86.Deploy.0 = Release|x86
		{95B89E18-39EE-4057-A4E3-4CED8E4FCE1D}.Ad-Hoc|Any CPU.ActiveCfg = Release|x86
		{95B89E18-39EE-4057-A4E3-4CED8E4FCE1D}.Ad-Hoc|Any CPU.Build.0 = Release|x86
		{95B89E18-39EE-4057-A4E3-4CED8E4FCE1D}.Ad-Hoc|Any CPU.Deploy.0 = Release|x86
		{95B89E18-39EE-4057-A4E3-4CED8E4FCE1D}.Ad-Hoc|ARM.ActiveCfg = Release|ARM
		{95B89E18-39EE-4057-A4E3-4CED8E4FCE1D}.Ad-Hoc|ARM.Build.0 = Release|ARM
		{95B89E18-39EE-4057-A4E3-4CED8E4FCE1D}.Ad-Hoc|ARM.Deploy.0 = Release|ARM
		{95B89E18-39EE-4057-A4E3-4CED8E4FCE1D}.Ad-Hoc|iPhone.ActiveCfg = Release|x86
		{95B89E18-39EE-4057-A4E3-4CED8E4FCE1D}.Ad-Hoc|iPhone.Build.0 = Release|x86
		{95B89E18-39EE-4057-A4E3-4CED8E4FCE1D}.Ad-Hoc|iPhone.Deploy.0 = Release|x86
		{95B89E18-39EE-4057-A4E3-4CED8E4FCE1D}.Ad-Hoc|iPhoneSimulator.ActiveCfg = Release|x86
		{95B89E18-39EE-4057-A4E3-4CED8E4FCE1D}.Ad-Hoc|iPhoneSimulator.Build.0 = Release|x86
		{95B89E18-39EE-4057-A4E3-4CED8E4FCE1D}.Ad-Hoc|iPhoneSimulator.Deploy.0 = Release|x86
		{95B89E18-39EE-4057-A4E3-4CED8E4FCE1D}.Ad-Hoc|x64.ActiveCfg = Release|x64
		{95B89E18-39EE-4057-A4E3-4CED8E4FCE1D}.Ad-Hoc|x64.Build.0 = Release|x64
		{95B89E18-39EE-4057-A4E3-4CED8E4FCE1D}.Ad-Hoc|x64.Deploy.0 = Release|x64
		{95B89E18-39EE-4057-A4E3-4CED8E4FCE1D}.Ad-Hoc|x86.ActiveCfg = Release|x86
		{95B89E18-39EE-4057-A4E3-4CED8E4FCE1D}.Ad-Hoc|x86.Build.0 = Release|x86
		{95B89E18-39EE-4057-A4E3-4CED8E4FCE1D}.Ad-Hoc|x86.Deploy.0 = Release|x86
		{95B89E18-39EE-4057-A4E3-4CED8E4FCE1D}.AppStore|Any CPU.ActiveCfg = Release|x86
		{95B89E18-39EE-4057-A4E3-4CED8E4FCE1D}.AppStore|Any CPU.Build.0 = Release|x86
		{95B89E18-39EE-4057-A4E3-4CED8E4FCE1D}.AppStore|Any CPU.Deploy.0 = Release|x86
		{95B89E18-39EE-4057-A4E3-4CED8E4FCE1D}.AppStore|ARM.ActiveCfg = Release|ARM
		{95B89E18-39EE-4057-A4E3-4CED8E4FCE1D}.AppStore|ARM.Build.0 = Release|ARM
		{95B89E18-39EE-4057-A4E3-4CED8E4FCE1D}.AppStore|ARM.Deploy.0 = Release|ARM
		{95B89E18-39EE-4057-A4E3-4CED8E4FCE1D}.AppStore|iPhone.ActiveCfg = Release|x86
		{95B89E18-39EE-4057-A4E3-4CED8E4FCE1D}.AppStore|iPhone.Build.0 = Release|x86
		{95B89E18-39EE-4057-A4E3-4CED8E4FCE1D}.AppStore|iPhone.Deploy.0 = Release|x86
		{95B89E18-39EE-4057-A4E3-4CED8E4FCE1D}.AppStore|iPhoneSimulator.ActiveCfg = Release|x86
		{95B89E18-39EE-4057-A4E3-4CED8E4FCE1D}.AppStore|iPhoneSimulator.Build.0 = Release|x86
		{95B89E18-39EE-4057-A4E3-4CED8E4FCE1D}.AppStore|iPhoneSimulator.Deploy.0 = Release|x86
		{95B89E18-39EE-4057-A4E3-4CED8E4FCE1D}.AppStore|x64.ActiveCfg = Release|x64
		{95B89E18-39EE-4057-A4E3-4CED8E4FCE1D}.AppStore|x64.Build.0 = Release|x64
		{95B89E18-39EE-4057-A4E3-4CED8E4FCE1D}.AppStore|x64.Deploy.0 = Release|x64
		{95B89E18-39EE-4057-A4E3-4CED8E4FCE1D}.AppStore|x86.ActiveCfg = Release|x86
		{95B89E18-39EE-4057-A4E3-4CED8E4FCE1D}.AppStore|x86.Build.0 = Release|x86
		{95B89E18-39EE-4057-A4E3-4CED8E4FCE1D}.AppStore|x86.Deploy.0 = Release|x86
		{95B89E18-39EE-4057-A4E3-4CED8E4FCE1D}.Debug|Any CPU.ActiveCfg = Debug|x86
		{95B89E18-39EE-4057-A4E3-4CED8E4FCE1D}.Debug|ARM.ActiveCfg = Debug|ARM
		{95B89E18-39EE-4057-A4E3-4CED8E4FCE1D}.Debug|ARM.Build.0 = Debug|ARM
		{95B89E18-39EE-4057-A4E3-4CED8E4FCE1D}.Debug|ARM.Deploy.0 = Debug|ARM
		{95B89E18-39EE-4057-A4E3-4CED8E4FCE1D}.Debug|iPhone.ActiveCfg = Debug|x86
		{95B89E18-39EE-4057-A4E3-4CED8E4FCE1D}.Debug|iPhoneSimulator.ActiveCfg = Debug|x86
		{95B89E18-39EE-4057-A4E3-4CED8E4FCE1D}.Debug|x64.ActiveCfg = Debug|x64
		{95B89E18-39EE-4057-A4E3-4CED8E4FCE1D}.Debug|x64.Build.0 = Debug|x64
		{95B89E18-39EE-4057-A4E3-4CED8E4FCE1D}.Debug|x64.Deploy.0 = Debug|x64
		{95B89E18-39EE-4057-A4E3-4CED8E4FCE1D}.Debug|x86.ActiveCfg = Debug|x86
		{95B89E18-39EE-4057-A4E3-4CED8E4FCE1D}.Debug|x86.Build.0 = Debug|x86
		{95B89E18-39EE-4057-A4E3-4CED8E4FCE1D}.Debug|x86.Deploy.0 = Debug|x86
		{95B89E18-39EE-4057-A4E3-4CED8E4FCE1D}.Release|Any CPU.ActiveCfg = Release|x86
		{95B89E18-39EE-4057-A4E3-4CED8E4FCE1D}.Release|ARM.ActiveCfg = Release|ARM
		{95B89E18-39EE-4057-A4E3-4CED8E4FCE1D}.Release|ARM.Build.0 = Release|ARM
		{95B89E18-39EE-4057-A4E3-4CED8E4FCE1D}.Release|ARM.Deploy.0 = Release|ARM
		{95B89E18-39EE-4057-A4E3-4CED8E4FCE1D}.Release|iPhone.ActiveCfg = Release|x86
		{95B89E18-39EE-4057-A4E3-4CED8E4FCE1D}.Release|iPhoneSimulator.ActiveCfg = Release|x86
		{95B89E18-39EE-4057-A4E3-4CED8E4FCE1D}.Release|x64.ActiveCfg = Release|x64
		{95B89E18-39EE-4057-A4E3-4CED8E4FCE1D}.Release|x64.Build.0 = Release|x64
		{95B89E18-39EE-4057-A4E3-4CED8E4FCE1D}.Release|x64.Deploy.0 = Release|x64
		{95B89E18-39EE-4057-A4E3-4CED8E4FCE1D}.Release|x86.ActiveCfg = Release|x86
		{95B89E18-39EE-4057-A4E3-4CED8E4FCE1D}.Release|x86.Build.0 = Release|x86
		{95B89E18-39EE-4057-A4E3-4CED8E4FCE1D}.Release|x86.Deploy.0 = Release|x86
		{2D9A8513-911C-4C0E-8942-87057E6B8021}.Ad-Hoc|Any CPU.ActiveCfg = Release|Any CPU
		{2D9A8513-911C-4C0E-8942-87057E6B8021}.Ad-Hoc|Any CPU.Build.0 = Release|Any CPU
		{2D9A8513-911C-4C0E-8942-87057E6B8021}.Ad-Hoc|Any CPU.Deploy.0 = Release|Any CPU
		{2D9A8513-911C-4C0E-8942-87057E6B8021}.Ad-Hoc|ARM.ActiveCfg = Release|ARM
		{2D9A8513-911C-4C0E-8942-87057E6B8021}.Ad-Hoc|ARM.Build.0 = Release|ARM
		{2D9A8513-911C-4C0E-8942-87057E6B8021}.Ad-Hoc|ARM.Deploy.0 = Release|ARM
		{2D9A8513-911C-4C0E-8942-87057E6B8021}.Ad-Hoc|iPhone.ActiveCfg = Release|Any CPU
		{2D9A8513-911C-4C0E-8942-87057E6B8021}.Ad-Hoc|iPhone.Build.0 = Release|Any CPU
		{2D9A8513-911C-4C0E-8942-87057E6B8021}.Ad-Hoc|iPhone.Deploy.0 = Release|Any CPU
		{2D9A8513-911C-4C0E-8942-87057E6B8021}.Ad-Hoc|iPhoneSimulator.ActiveCfg = Release|Any CPU
		{2D9A8513-911C-4C0E-8942-87057E6B8021}.Ad-Hoc|iPhoneSimulator.Build.0 = Release|Any CPU
		{2D9A8513-911C-4C0E-8942-87057E6B8021}.Ad-Hoc|iPhoneSimulator.Deploy.0 = Release|Any CPU
		{2D9A8513-911C-4C0E-8942-87057E6B8021}.Ad-Hoc|x64.ActiveCfg = Release|x64
		{2D9A8513-911C-4C0E-8942-87057E6B8021}.Ad-Hoc|x64.Build.0 = Release|x64
		{2D9A8513-911C-4C0E-8942-87057E6B8021}.Ad-Hoc|x64.Deploy.0 = Release|x64
		{2D9A8513-911C-4C0E-8942-87057E6B8021}.Ad-Hoc|x86.ActiveCfg = Release|x86
		{2D9A8513-911C-4C0E-8942-87057E6B8021}.Ad-Hoc|x86.Build.0 = Release|x86
		{2D9A8513-911C-4C0E-8942-87057E6B8021}.Ad-Hoc|x86.Deploy.0 = Release|x86
		{2D9A8513-911C-4C0E-8942-87057E6B8021}.AppStore|Any CPU.ActiveCfg = Release|Any CPU
		{2D9A8513-911C-4C0E-8942-87057E6B8021}.AppStore|Any CPU.Build.0 = Release|Any CPU
		{2D9A8513-911C-4C0E-8942-87057E6B8021}.AppStore|Any CPU.Deploy.0 = Release|Any CPU
		{2D9A8513-911C-4C0E-8942-87057E6B8021}.AppStore|ARM.ActiveCfg = Release|ARM
		{2D9A8513-911C-4C0E-8942-87057E6B8021}.AppStore|ARM.Build.0 = Release|ARM
		{2D9A8513-911C-4C0E-8942-87057E6B8021}.AppStore|ARM.Deploy.0 = Release|ARM
		{2D9A8513-911C-4C0E-8942-87057E6B8021}.AppStore|iPhone.ActiveCfg = Release|Any CPU
		{2D9A8513-911C-4C0E-8942-87057E6B8021}.AppStore|iPhone.Build.0 = Release|Any CPU
		{2D9A8513-911C-4C0E-8942-87057E6B8021}.AppStore|iPhone.Deploy.0 = Release|Any CPU
		{2D9A8513-911C-4C0E-8942-87057E6B8021}.AppStore|iPhoneSimulator.ActiveCfg = Release|Any CPU
		{2D9A8513-911C-4C0E-8942-87057E6B8021}.AppStore|iPhoneSimulator.Build.0 = Release|Any CPU
		{2D9A8513-911C-4C0E-8942-87057E6B8021}.AppStore|iPhoneSimulator.Deploy.0 = Release|Any CPU
		{2D9A8513-911C-4C0E-8942-87057E6B8021}.AppStore|x64.ActiveCfg = Release|x64
		{2D9A8513-911C-4C0E-8942-87057E6B8021}.AppStore|x64.Build.0 = Release|x64
		{2D9A8513-911C-4C0E-8942-87057E6B8021}.AppStore|x64.Deploy.0 = Release|x64
		{2D9A8513-911C-4C0E-8942-87057E6B8021}.AppStore|x86.ActiveCfg = Release|x86
		{2D9A8513-911C-4C0E-8942-87057E6B8021}.AppStore|x86.Build.0 = Release|x86
		{2D9A8513-911C-4C0E-8942-87057E6B8021}.AppStore|x86.Deploy.0 = Release|x86
		{2D9A8513-911C-4C0E-8942-87057E6B8021}.Debug|Any CPU.ActiveCfg = Debug|Any CPU
		{2D9A8513-911C-4C0E-8942-87057E6B8021}.Debug|Any CPU.Build.0 = Debug|Any CPU
		{2D9A8513-911C-4C0E-8942-87057E6B8021}.Debug|Any CPU.Deploy.0 = Debug|Any CPU
		{2D9A8513-911C-4C0E-8942-87057E6B8021}.Debug|ARM.ActiveCfg = Debug|ARM
		{2D9A8513-911C-4C0E-8942-87057E6B8021}.Debug|ARM.Build.0 = Debug|ARM
		{2D9A8513-911C-4C0E-8942-87057E6B8021}.Debug|ARM.Deploy.0 = Debug|ARM
		{2D9A8513-911C-4C0E-8942-87057E6B8021}.Debug|iPhone.ActiveCfg = Debug|Any CPU
		{2D9A8513-911C-4C0E-8942-87057E6B8021}.Debug|iPhone.Build.0 = Debug|Any CPU
		{2D9A8513-911C-4C0E-8942-87057E6B8021}.Debug|iPhone.Deploy.0 = Debug|Any CPU
		{2D9A8513-911C-4C0E-8942-87057E6B8021}.Debug|iPhoneSimulator.ActiveCfg = Debug|Any CPU
		{2D9A8513-911C-4C0E-8942-87057E6B8021}.Debug|iPhoneSimulator.Build.0 = Debug|Any CPU
		{2D9A8513-911C-4C0E-8942-87057E6B8021}.Debug|iPhoneSimulator.Deploy.0 = Debug|Any CPU
		{2D9A8513-911C-4C0E-8942-87057E6B8021}.Debug|x64.ActiveCfg = Debug|x64
		{2D9A8513-911C-4C0E-8942-87057E6B8021}.Debug|x64.Build.0 = Debug|x64
		{2D9A8513-911C-4C0E-8942-87057E6B8021}.Debug|x64.Deploy.0 = Debug|x64
		{2D9A8513-911C-4C0E-8942-87057E6B8021}.Debug|x86.ActiveCfg = Debug|x86
		{2D9A8513-911C-4C0E-8942-87057E6B8021}.Debug|x86.Build.0 = Debug|x86
		{2D9A8513-911C-4C0E-8942-87057E6B8021}.Debug|x86.Deploy.0 = Debug|x86
		{2D9A8513-911C-4C0E-8942-87057E6B8021}.Release|Any CPU.ActiveCfg = Release|Any CPU
		{2D9A8513-911C-4C0E-8942-87057E6B8021}.Release|Any CPU.Build.0 = Release|Any CPU
		{2D9A8513-911C-4C0E-8942-87057E6B8021}.Release|Any CPU.Deploy.0 = Release|Any CPU
		{2D9A8513-911C-4C0E-8942-87057E6B8021}.Release|ARM.ActiveCfg = Release|ARM
		{2D9A8513-911C-4C0E-8942-87057E6B8021}.Release|ARM.Build.0 = Release|ARM
		{2D9A8513-911C-4C0E-8942-87057E6B8021}.Release|ARM.Deploy.0 = Release|ARM
		{2D9A8513-911C-4C0E-8942-87057E6B8021}.Release|iPhone.ActiveCfg = Release|Any CPU
		{2D9A8513-911C-4C0E-8942-87057E6B8021}.Release|iPhone.Build.0 = Release|Any CPU
		{2D9A8513-911C-4C0E-8942-87057E6B8021}.Release|iPhone.Deploy.0 = Release|Any CPU
		{2D9A8513-911C-4C0E-8942-87057E6B8021}.Release|iPhoneSimulator.ActiveCfg = Release|Any CPU
		{2D9A8513-911C-4C0E-8942-87057E6B8021}.Release|iPhoneSimulator.Build.0 = Release|Any CPU
		{2D9A8513-911C-4C0E-8942-87057E6B8021}.Release|iPhoneSimulator.Deploy.0 = Release|Any CPU
		{2D9A8513-911C-4C0E-8942-87057E6B8021}.Release|x64.ActiveCfg = Release|x64
		{2D9A8513-911C-4C0E-8942-87057E6B8021}.Release|x64.Build.0 = Release|x64
		{2D9A8513-911C-4C0E-8942-87057E6B8021}.Release|x64.Deploy.0 = Release|x64
		{2D9A8513-911C-4C0E-8942-87057E6B8021}.Release|x86.ActiveCfg = Release|x86
		{2D9A8513-911C-4C0E-8942-87057E6B8021}.Release|x86.Build.0 = Release|x86
		{2D9A8513-911C-4C0E-8942-87057E6B8021}.Release|x86.Deploy.0 = Release|x86
		{5381B2C5-BA88-4248-87E0-19E94CD3C7F3}.Ad-Hoc|Any CPU.ActiveCfg = Release|Any CPU
		{5381B2C5-BA88-4248-87E0-19E94CD3C7F3}.Ad-Hoc|Any CPU.Build.0 = Release|Any CPU
		{5381B2C5-BA88-4248-87E0-19E94CD3C7F3}.Ad-Hoc|ARM.ActiveCfg = Release|Any CPU
		{5381B2C5-BA88-4248-87E0-19E94CD3C7F3}.Ad-Hoc|ARM.Build.0 = Release|Any CPU
		{5381B2C5-BA88-4248-87E0-19E94CD3C7F3}.Ad-Hoc|iPhone.ActiveCfg = Release|Any CPU
		{5381B2C5-BA88-4248-87E0-19E94CD3C7F3}.Ad-Hoc|iPhone.Build.0 = Release|Any CPU
		{5381B2C5-BA88-4248-87E0-19E94CD3C7F3}.Ad-Hoc|iPhoneSimulator.ActiveCfg = Release|Any CPU
		{5381B2C5-BA88-4248-87E0-19E94CD3C7F3}.Ad-Hoc|iPhoneSimulator.Build.0 = Release|Any CPU
		{5381B2C5-BA88-4248-87E0-19E94CD3C7F3}.Ad-Hoc|x64.ActiveCfg = Release|Any CPU
		{5381B2C5-BA88-4248-87E0-19E94CD3C7F3}.Ad-Hoc|x64.Build.0 = Release|Any CPU
		{5381B2C5-BA88-4248-87E0-19E94CD3C7F3}.Ad-Hoc|x86.ActiveCfg = Release|Any CPU
		{5381B2C5-BA88-4248-87E0-19E94CD3C7F3}.Ad-Hoc|x86.Build.0 = Release|Any CPU
		{5381B2C5-BA88-4248-87E0-19E94CD3C7F3}.AppStore|Any CPU.ActiveCfg = Release|Any CPU
		{5381B2C5-BA88-4248-87E0-19E94CD3C7F3}.AppStore|Any CPU.Build.0 = Release|Any CPU
		{5381B2C5-BA88-4248-87E0-19E94CD3C7F3}.AppStore|ARM.ActiveCfg = Release|Any CPU
		{5381B2C5-BA88-4248-87E0-19E94CD3C7F3}.AppStore|ARM.Build.0 = Release|Any CPU
		{5381B2C5-BA88-4248-87E0-19E94CD3C7F3}.AppStore|iPhone.ActiveCfg = Release|Any CPU
		{5381B2C5-BA88-4248-87E0-19E94CD3C7F3}.AppStore|iPhone.Build.0 = Release|Any CPU
		{5381B2C5-BA88-4248-87E0-19E94CD3C7F3}.AppStore|iPhoneSimulator.ActiveCfg = Release|Any CPU
		{5381B2C5-BA88-4248-87E0-19E94CD3C7F3}.AppStore|iPhoneSimulator.Build.0 = Release|Any CPU
		{5381B2C5-BA88-4248-87E0-19E94CD3C7F3}.AppStore|x64.ActiveCfg = Release|Any CPU
		{5381B2C5-BA88-4248-87E0-19E94CD3C7F3}.AppStore|x64.Build.0 = Release|Any CPU
		{5381B2C5-BA88-4248-87E0-19E94CD3C7F3}.AppStore|x86.ActiveCfg = Release|Any CPU
		{5381B2C5-BA88-4248-87E0-19E94CD3C7F3}.AppStore|x86.Build.0 = Release|Any CPU
		{5381B2C5-BA88-4248-87E0-19E94CD3C7F3}.Debug|Any CPU.ActiveCfg = Debug|Any CPU
		{5381B2C5-BA88-4248-87E0-19E94CD3C7F3}.Debug|Any CPU.Build.0 = Debug|Any CPU
		{5381B2C5-BA88-4248-87E0-19E94CD3C7F3}.Debug|ARM.ActiveCfg = Debug|Any CPU
		{5381B2C5-BA88-4248-87E0-19E94CD3C7F3}.Debug|ARM.Build.0 = Debug|Any CPU
		{5381B2C5-BA88-4248-87E0-19E94CD3C7F3}.Debug|iPhone.ActiveCfg = Debug|Any CPU
		{5381B2C5-BA88-4248-87E0-19E94CD3C7F3}.Debug|iPhone.Build.0 = Debug|Any CPU
		{5381B2C5-BA88-4248-87E0-19E94CD3C7F3}.Debug|iPhoneSimulator.ActiveCfg = Debug|Any CPU
		{5381B2C5-BA88-4248-87E0-19E94CD3C7F3}.Debug|iPhoneSimulator.Build.0 = Debug|Any CPU
		{5381B2C5-BA88-4248-87E0-19E94CD3C7F3}.Debug|x64.ActiveCfg = Debug|Any CPU
		{5381B2C5-BA88-4248-87E0-19E94CD3C7F3}.Debug|x64.Build.0 = Debug|Any CPU
		{5381B2C5-BA88-4248-87E0-19E94CD3C7F3}.Debug|x86.ActiveCfg = Debug|Any CPU
		{5381B2C5-BA88-4248-87E0-19E94CD3C7F3}.Debug|x86.Build.0 = Debug|Any CPU
		{5381B2C5-BA88-4248-87E0-19E94CD3C7F3}.Release|Any CPU.ActiveCfg = Release|Any CPU
		{5381B2C5-BA88-4248-87E0-19E94CD3C7F3}.Release|Any CPU.Build.0 = Release|Any CPU
		{5381B2C5-BA88-4248-87E0-19E94CD3C7F3}.Release|ARM.ActiveCfg = Release|Any CPU
		{5381B2C5-BA88-4248-87E0-19E94CD3C7F3}.Release|ARM.Build.0 = Release|Any CPU
		{5381B2C5-BA88-4248-87E0-19E94CD3C7F3}.Release|iPhone.ActiveCfg = Release|Any CPU
		{5381B2C5-BA88-4248-87E0-19E94CD3C7F3}.Release|iPhone.Build.0 = Release|Any CPU
		{5381B2C5-BA88-4248-87E0-19E94CD3C7F3}.Release|iPhoneSimulator.ActiveCfg = Release|Any CPU
		{5381B2C5-BA88-4248-87E0-19E94CD3C7F3}.Release|iPhoneSimulator.Build.0 = Release|Any CPU
		{5381B2C5-BA88-4248-87E0-19E94CD3C7F3}.Release|x64.ActiveCfg = Release|Any CPU
		{5381B2C5-BA88-4248-87E0-19E94CD3C7F3}.Release|x64.Build.0 = Release|Any CPU
		{5381B2C5-BA88-4248-87E0-19E94CD3C7F3}.Release|x86.ActiveCfg = Release|Any CPU
		{5381B2C5-BA88-4248-87E0-19E94CD3C7F3}.Release|x86.Build.0 = Release|Any CPU
	EndGlobalSection
	GlobalSection(SolutionProperties) = preSolution
		HideSolutionNode = FALSE
	EndGlobalSection
EndGlobal
